// !$*UTF8*$!
{
	archiveVersion = 1;
	classes = {
	};
	objectVersion = 56;
	objects = {

/* Begin PBXBuildFile section */
		9A9731482A4C5C1100FDFBC1 /* main.swift in Sources */ = {isa = PBXBuildFile; fileRef = 9A9731472A4C5C1100FDFBC1 /* main.swift */; };
		9A9731532A4C660700FDFBC1 /* Product.swift in Sources */ = {isa = PBXBuildFile; fileRef = 9A9731522A4C660700FDFBC1 /* Product.swift */; };
		9A9731562A4C662E00FDFBC1 /* ProductFactory.swift in Sources */ = {isa = PBXBuildFile; fileRef = 9A9731552A4C662E00FDFBC1 /* ProductFactory.swift */; };
		9A9731582A4C663D00FDFBC1 /* QRFactory.swift in Sources */ = {isa = PBXBuildFile; fileRef = 9A9731572A4C663D00FDFBC1 /* QRFactory.swift */; };
		9A97315A2A4C664F00FDFBC1 /* BarcodeFactory.swift in Sources */ = {isa = PBXBuildFile; fileRef = 9A9731592A4C664F00FDFBC1 /* BarcodeFactory.swift */; };
		9A97315C2A4C666100FDFBC1 /* DataBase.swift in Sources */ = {isa = PBXBuildFile; fileRef = 9A97315B2A4C666100FDFBC1 /* DataBase.swift */; };
		9A97315F2A4C668600FDFBC1 /* Shop.swift in Sources */ = {isa = PBXBuildFile; fileRef = 9A97315E2A4C668600FDFBC1 /* Shop.swift */; };
		9A9731642A4C74D300FDFBC1 /* Observer.swift in Sources */ = {isa = PBXBuildFile; fileRef = 9A9731632A4C74D300FDFBC1 /* Observer.swift */; };
		9A9731662A4C74DB00FDFBC1 /* Observable.swift in Sources */ = {isa = PBXBuildFile; fileRef = 9A9731652A4C74DB00FDFBC1 /* Observable.swift */; };
		9A9731682A4C764E00FDFBC1 /* Radio.swift in Sources */ = {isa = PBXBuildFile; fileRef = 9A9731672A4C764E00FDFBC1 /* Radio.swift */; };
		9A97316A2A4C768500FDFBC1 /* TV.swift in Sources */ = {isa = PBXBuildFile; fileRef = 9A9731692A4C768500FDFBC1 /* TV.swift */; };
/* End PBXBuildFile section */

/* Begin PBXCopyFilesBuildPhase section */
		9A9731422A4C5C1100FDFBC1 /* CopyFiles */ = {
			isa = PBXCopyFilesBuildPhase;
			buildActionMask = 2147483647;
			dstPath = /usr/share/man/man1/;
			dstSubfolderSpec = 0;
			files = (
			);
			runOnlyForDeploymentPostprocessing = 1;
		};
/* End PBXCopyFilesBuildPhase section */

/* Begin PBXFileReference section */
		9A9731442A4C5C1100FDFBC1 /* 4homework6m */ = {isa = PBXFileReference; explicitFileType = "compiled.mach-o.executable"; includeInIndex = 0; path = 4homework6m; sourceTree = BUILT_PRODUCTS_DIR; };
		9A9731472A4C5C1100FDFBC1 /* main.swift */ = {isa = PBXFileReference; lastKnownFileType = sourcecode.swift; path = main.swift; sourceTree = "<group>"; };
		9A9731522A4C660700FDFBC1 /* Product.swift */ = {isa = PBXFileReference; lastKnownFileType = sourcecode.swift; path = Product.swift; sourceTree = "<group>"; };
		9A9731552A4C662E00FDFBC1 /* ProductFactory.swift */ = {isa = PBXFileReference; lastKnownFileType = sourcecode.swift; path = ProductFactory.swift; sourceTree = "<group>"; };
		9A9731572A4C663D00FDFBC1 /* QRFactory.swift */ = {isa = PBXFileReference; lastKnownFileType = sourcecode.swift; path = QRFactory.swift; sourceTree = "<group>"; };
		9A9731592A4C664F00FDFBC1 /* BarcodeFactory.swift */ = {isa = PBXFileReference; lastKnownFileType = sourcecode.swift; path = BarcodeFactory.swift; sourceTree = "<group>"; };
		9A97315B2A4C666100FDFBC1 /* DataBase.swift */ = {isa = PBXFileReference; lastKnownFileType = sourcecode.swift; path = DataBase.swift; sourceTree = "<group>"; };
		9A97315E2A4C668600FDFBC1 /* Shop.swift */ = {isa = PBXFileReference; lastKnownFileType = sourcecode.swift; path = Shop.swift; sourceTree = "<group>"; };
		9A9731632A4C74D300FDFBC1 /* Observer.swift */ = {isa = PBXFileReference; lastKnownFileType = sourcecode.swift; path = Observer.swift; sourceTree = "<group>"; };
		9A9731652A4C74DB00FDFBC1 /* Observable.swift */ = {isa = PBXFileReference; lastKnownFileType = sourcecode.swift; path = Observable.swift; sourceTree = "<group>"; };
		9A9731672A4C764E00FDFBC1 /* Radio.swift */ = {isa = PBXFileReference; lastKnownFileType = sourcecode.swift; path = Radio.swift; sourceTree = "<group>"; };
		9A9731692A4C768500FDFBC1 /* TV.swift */ = {isa = PBXFileReference; lastKnownFileType = sourcecode.swift; path = TV.swift; sourceTree = "<group>"; };
/* End PBXFileReference section */

/* Begin PBXFrameworksBuildPhase section */
		9A9731412A4C5C1100FDFBC1 /* Frameworks */ = {
			isa = PBXFrameworksBuildPhase;
			buildActionMask = 2147483647;
			files = (
			);
			runOnlyForDeploymentPostprocessing = 0;
		};
/* End PBXFrameworksBuildPhase section */

/* Begin PBXGroup section */
		9A97313B2A4C5C1100FDFBC1 = {
			isa = PBXGroup;
			children = (
				9A9731462A4C5C1100FDFBC1 /* 4homework6m */,
				9A9731452A4C5C1100FDFBC1 /* Products */,
			);
			sourceTree = "<group>";
		};
		9A9731452A4C5C1100FDFBC1 /* Products */ = {
			isa = PBXGroup;
			children = (
				9A9731442A4C5C1100FDFBC1 /* 4homework6m */,
			);
			name = Products;
			sourceTree = "<group>";
		};
		9A9731462A4C5C1100FDFBC1 /* 4homework6m */ = {
			isa = PBXGroup;
			children = (
				9A9731622A4C74C000FDFBC1 /* Observer */,
				9A97315D2A4C667500FDFBC1 /* Shop */,
				9A9731542A4C662200FDFBC1 /* Factory */,
				9A9731472A4C5C1100FDFBC1 /* main.swift */,
			);
			path = 4homework6m;
			sourceTree = "<group>";
		};
		9A9731542A4C662200FDFBC1 /* Factory */ = {
			isa = PBXGroup;
			children = (
				9A9731552A4C662E00FDFBC1 /* ProductFactory.swift */,
				9A9731572A4C663D00FDFBC1 /* QRFactory.swift */,
				9A9731592A4C664F00FDFBC1 /* BarcodeFactory.swift */,
			);
			path = Factory;
			sourceTree = "<group>";
		};
		9A97315D2A4C667500FDFBC1 /* Shop */ = {
			isa = PBXGroup;
			children = (
				9A9731522A4C660700FDFBC1 /* Product.swift */,
				9A97315B2A4C666100FDFBC1 /* DataBase.swift */,
				9A97315E2A4C668600FDFBC1 /* Shop.swift */,
			);
			path = Shop;
			sourceTree = "<group>";
		};
		9A9731622A4C74C000FDFBC1 /* Observer */ = {
			isa = PBXGroup;
			children = (
				9A9731632A4C74D300FDFBC1 /* Observer.swift */,
				9A9731652A4C74DB00FDFBC1 /* Observable.swift */,
				9A9731672A4C764E00FDFBC1 /* Radio.swift */,
				9A9731692A4C768500FDFBC1 /* TV.swift */,
			);
			path = Observer;
			sourceTree = "<group>";
		};
/* End PBXGroup section */

/* Begin PBXNativeTarget section */
		9A9731432A4C5C1100FDFBC1 /* 4homework6m */ = {
			isa = PBXNativeTarget;
			buildConfigurationList = 9A97314B2A4C5C1100FDFBC1 /* Build configuration list for PBXNativeTarget "4homework6m" */;
			buildPhases = (
				9A9731402A4C5C1100FDFBC1 /* Sources */,
				9A9731412A4C5C1100FDFBC1 /* Frameworks */,
				9A9731422A4C5C1100FDFBC1 /* CopyFiles */,
			);
			buildRules = (
			);
			dependencies = (
			);
			name = 4homework6m;
			productName = 4homework6m;
			productReference = 9A9731442A4C5C1100FDFBC1 /* 4homework6m */;
			productType = "com.apple.product-type.tool";
		};
/* End PBXNativeTarget section */

/* Begin PBXProject section */
		9A97313C2A4C5C1100FDFBC1 /* Project object */ = {
			isa = PBXProject;
			attributes = {
				BuildIndependentTargetsInParallel = 1;
				LastSwiftUpdateCheck = 1430;
				LastUpgradeCheck = 1430;
				TargetAttributes = {
					9A9731432A4C5C1100FDFBC1 = {
						CreatedOnToolsVersion = 14.3;
					};
				};
			};
			buildConfigurationList = 9A97313F2A4C5C1100FDFBC1 /* Build configuration list for PBXProject "4homework6m" */;
			compatibilityVersion = "Xcode 14.0";
			developmentRegion = en;
			hasScannedForEncodings = 0;
			knownRegions = (
				en,
				Base,
			);
			mainGroup = 9A97313B2A4C5C1100FDFBC1;
			productRefGroup = 9A9731452A4C5C1100FDFBC1 /* Products */;
			projectDirPath = "";
			projectRoot = "";
			targets = (
				9A9731432A4C5C1100FDFBC1 /* 4homework6m */,
			);
		};
/* End PBXProject section */

/* Begin PBXSourcesBuildPhase section */
		9A9731402A4C5C1100FDFBC1 /* Sources */ = {
			isa = PBXSourcesBuildPhase;
			buildActionMask = 2147483647;
			files = (
				9A97315A2A4C664F00FDFBC1 /* BarcodeFactory.swift in Sources */,
				9A9731642A4C74D300FDFBC1 /* Observer.swift in Sources */,
				9A9731482A4C5C1100FDFBC1 /* main.swift in Sources */,
				9A9731582A4C663D00FDFBC1 /* QRFactory.swift in Sources */,
				9A97316A2A4C768500FDFBC1 /* TV.swift in Sources */,
				9A9731662A4C74DB00FDFBC1 /* Observable.swift in Sources */,
				9A9731682A4C764E00FDFBC1 /* Radio.swift in Sources */,
				9A9731562A4C662E00FDFBC1 /* ProductFactory.swift in Sources */,
				9A97315F2A4C668600FDFBC1 /* Shop.swift in Sources */,
				9A97315C2A4C666100FDFBC1 /* DataBase.swift in Sources */,
				9A9731532A4C660700FDFBC1 /* Product.swift in Sources */,
			);
			runOnlyForDeploymentPostprocessing = 0;
		};
/* End PBXSourcesBuildPhase section */

/* Begin XCBuildConfiguration section */
		9A9731492A4C5C1100FDFBC1 /* Debug */ = {
			isa = XCBuildConfiguration;
			buildSettings = {
				ALWAYS_SEARCH_USER_PATHS = NO;
				CLANG_ANALYZER_NONNULL = YES;
				CLANG_ANALYZER_NUMBER_OBJECT_CONVERSION = YES_AGGRESSIVE;
				CLANG_CXX_LANGUAGE_STANDARD = "gnu++20";
				CLANG_ENABLE_MODULES = YES;
				CLANG_ENABLE_OBJC_ARC = YES;
				CLANG_ENABLE_OBJC_WEAK = YES;
				CLANG_WARN_BLOCK_CAPTURE_AUTORELEASING = YES;
				CLANG_WARN_BOOL_CONVERSION = YES;
				CLANG_WARN_COMMA = YES;
				CLANG_WARN_CONSTANT_CONVERSION = YES;
				CLANG_WARN_DEPRECATED_OBJC_IMPLEMENTATIONS = YES;
				CLANG_WARN_DIRECT_OBJC_ISA_USAGE = YES_ERROR;
				CLANG_WARN_DOCUMENTATION_COMMENTS = YES;
				CLANG_WARN_EMPTY_BODY = YES;
				CLANG_WARN_ENUM_CONVERSION = YES;
				CLANG_WARN_INFINITE_RECURSION = YES;
				CLANG_WARN_INT_CONVERSION = YES;
				CLANG_WARN_NON_LITERAL_NULL_CONVERSION = YES;
				CLANG_WARN_OBJC_IMPLICIT_RETAIN_SELF = YES;
				CLANG_WARN_OBJC_LITERAL_CONVERSION = YES;
				CLANG_WARN_OBJC_ROOT_CLASS = YES_ERROR;
				CLANG_WARN_QUOTED_INCLUDE_IN_FRAMEWORK_HEADER = YES;
				CLANG_WARN_RANGE_LOOP_ANALYSIS = YES;
				CLANG_WARN_STRICT_PROTOTYPES = YES;
				CLANG_WARN_SUSPICIOUS_MOVE = YES;
				CLANG_WARN_UNGUARDED_AVAILABILITY = YES_AGGRESSIVE;
				CLANG_WARN_UNREACHABLE_CODE = YES;
				CLANG_WARN__DUPLICATE_METHOD_MATCH = YES;
				COPY_PHASE_STRIP = NO;
				DEBUG_INFORMATION_FORMAT = dwarf;
				ENABLE_STRICT_OBJC_MSGSEND = YES;
				ENABLE_TESTABILITY = YES;
				GCC_C_LANGUAGE_STANDARD = gnu11;
				GCC_DYNAMIC_NO_PIC = NO;
				GCC_NO_COMMON_BLOCKS = YES;
				GCC_OPTIMIZATION_LEVEL = 0;
				GCC_PREPROCESSOR_DEFINITIONS = (
					"DEBUG=1",
					"$(inherited)",
				);
				GCC_WARN_64_TO_32_BIT_CONVERSION = YES;
				GCC_WARN_ABOUT_RETURN_TYPE = YES_ERROR;
				GCC_WARN_UNDECLARED_SELECTOR = YES;
				GCC_WARN_UNINITIALIZED_AUTOS = YES_AGGRESSIVE;
				GCC_WARN_UNUSED_FUNCTION = YES;
				GCC_WARN_UNUSED_VARIABLE = YES;
				MACOSX_DEPLOYMENT_TARGET = 13.3;
				MTL_ENABLE_DEBUG_INFO = INCLUDE_SOURCE;
				MTL_FAST_MATH = YES;
				ONLY_ACTIVE_ARCH = YES;
				SDKROOT = macosx;
				SWIFT_ACTIVE_COMPILATION_CONDITIONS = DEBUG;
				SWIFT_OPTIMIZATION_LEVEL = "-Onone";
			};
			name = Debug;
		};
		9A97314A2A4C5C1100FDFBC1 /* Release */ = {
			isa = XCBuildConfiguration;
			buildSettings = {
				ALWAYS_SEARCH_USER_PATHS = NO;
				CLANG_ANALYZER_NONNULL = YES;
				CLANG_ANALYZER_NUMBER_OBJECT_CONVERSION = YES_AGGRESSIVE;
				CLANG_CXX_LANGUAGE_STANDARD = "gnu++20";
				CLANG_ENABLE_MODULES = YES;
				CLANG_ENABLE_OBJC_ARC = YES;
				CLANG_ENABLE_OBJC_WEAK = YES;
				CLANG_WARN_BLOCK_CAPTURE_AUTORELEASING = YES;
				CLANG_WARN_BOOL_CONVERSION = YES;
				CLANG_WARN_COMMA = YES;
				CLANG_WARN_CONSTANT_CONVERSION = YES;
				CLANG_WARN_DEPRECATED_OBJC_IMPLEMENTATIONS = YES;
				CLANG_WARN_DIRECT_OBJC_ISA_USAGE = YES_ERROR;
				CLANG_WARN_DOCUMENTATION_COMMENTS = YES;
				CLANG_WARN_EMPTY_BODY = YES;
				CLANG_WARN_ENUM_CONVERSION = YES;
				CLANG_WARN_INFINITE_RECURSION = YES;
				CLANG_WARN_INT_CONVERSION = YES;
				CLANG_WARN_NON_LITERAL_NULL_CONVERSION = YES;
				CLANG_WARN_OBJC_IMPLICIT_RETAIN_SELF = YES;
				CLANG_WARN_OBJC_LITERAL_CONVERSION = YES;
				CLANG_WARN_OBJC_ROOT_CLASS = YES_ERROR;
				CLANG_WARN_QUOTED_INCLUDE_IN_FRAMEWORK_HEADER = YES;
				CLANG_WARN_RANGE_LOOP_ANALYSIS = YES;
				CLANG_WARN_STRICT_PROTOTYPES = YES;
				CLANG_WARN_SUSPICIOUS_MOVE = YES;
				CLANG_WARN_UNGUARDED_AVAILABILITY = YES_AGGRESSIVE;
				CLANG_WARN_UNREACHABLE_CODE = YES;
				CLANG_WARN__DUPLICATE_METHOD_MATCH = YES;
				COPY_PHASE_STRIP = NO;
				DEBUG_INFORMATION_FORMAT = "dwarf-with-dsym";
				ENABLE_NS_ASSERTIONS = NO;
				ENABLE_STRICT_OBJC_MSGSEND = YES;
				GCC_C_LANGUAGE_STANDARD = gnu11;
				GCC_NO_COMMON_BLOCKS = YES;
				GCC_WARN_64_TO_32_BIT_CONVERSION = YES;
				GCC_WARN_ABOUT_RETURN_TYPE = YES_ERROR;
				GCC_WARN_UNDECLARED_SELECTOR = YES;
				GCC_WARN_UNINITIALIZED_AUTOS = YES_AGGRESSIVE;
				GCC_WARN_UNUSED_FUNCTION = YES;
				GCC_WARN_UNUSED_VARIABLE = YES;
				MACOSX_DEPLOYMENT_TARGET = 13.3;
				MTL_ENABLE_DEBUG_INFO = NO;
				MTL_FAST_MATH = YES;
				SDKROOT = macosx;
				SWIFT_COMPILATION_MODE = wholemodule;
				SWIFT_OPTIMIZATION_LEVEL = "-O";
			};
			name = Release;
		};
		9A97314C2A4C5C1100FDFBC1 /* Debug */ = {
			isa = XCBuildConfiguration;
			buildSettings = {
				CODE_SIGN_STYLE = Automatic;
				DEVELOPMENT_TEAM = S24JM78SDV;
				ENABLE_HARDENED_RUNTIME = YES;
				PRODUCT_NAME = "$(TARGET_NAME)";
				SWIFT_VERSION = 5.0;
			};
			name = Debug;
		};
		9A97314D2A4C5C1100FDFBC1 /* Release */ = {
			isa = XCBuildConfiguration;
			buildSettings = {
				CODE_SIGN_STYLE = Automatic;
				DEVELOPMENT_TEAM = S24JM78SDV;
				ENABLE_HARDENED_RUNTIME = YES;
				PRODUCT_NAME = "$(TARGET_NAME)";
				SWIFT_VERSION = 5.0;
			};
			name = Release;
		};
/* End XCBuildConfiguration section */

/* Begin XCConfigurationList section */
		9A97313F2A4C5C1100FDFBC1 /* Build configuration list for PBXProject "4homework6m" */ = {
			isa = XCConfigurationList;
			buildConfigurations = (
				9A9731492A4C5C1100FDFBC1 /* Debug */,
				9A97314A2A4C5C1100FDFBC1 /* Release */,
			);
			defaultConfigurationIsVisible = 0;
			defaultConfigurationName = Release;
		};
		9A97314B2A4C5C1100FDFBC1 /* Build configuration list for PBXNativeTarget "4homework6m" */ = {
			isa = XCConfigurationList;
			buildConfigurations = (
				9A97314C2A4C5C1100FDFBC1 /* Debug */,
				9A97314D2A4C5C1100FDFBC1 /* Release */,
			);
			defaultConfigurationIsVisible = 0;
			defaultConfigurationName = Release;
		};
/* End XCConfigurationList section */
	};
	rootObject = 9A97313C2A4C5C1100FDFBC1 /* Project object */;
}
